
Microsoft Visual Studio Solution File, Format Version 12.00
# Visual Studio Version 16
VisualStudioVersion = 16.0.31019.35
MinimumVisualStudioVersion = 10.0.40219.1
Project("{FAE04EC0-301F-11D3-BF4B-00C04F79EFBC}") = "PersonServer", "PersonServer\PersonServer.csproj", "{A1E5A496-7B2B-4D7F-9308-6E20ED1C6B95}"
EndProject
Global
	GlobalSection(SolutionConfigurationPlatforms) = preSolution
		Debug|Any CPU = Debug|Any CPU
		Release|Any CPU = Release|Any CPU
	EndGlobalSection
	GlobalSection(ProjectConfigurationPlatforms) = postSolution
		{A1E5A496-7B2B-4D7F-9308-6E20ED1C6B95}.Debug|Any CPU.ActiveCfg = Debug|Any CPU
		{A1E5A496-7B2B-4D7F-9308-6E20ED1C6B95}.Debug|Any CPU.Build.0 = Debug|Any CPU
		{A1E5A496-7B2B-4D7F-9308-6E20ED1C6B95}.Release|Any CPU.ActiveCfg = Release|Any CPU
		{A1E5A496-7B2B-4D7F-9308-6E20ED1C6B95}.Release|Any CPU.Build.0 = Release|Any CPU
	EndGlobalSection
	GlobalSection(SolutionProperties) = preSolution
		HideSolutionNode = FALSE
	EndGlobalSection
	GlobalSection(ExtensibilityGlobals) = postSolution
		SolutionGuid = {3F47592C-810F-497F-8A74-17A9E916D1F1}
	EndGlobalSection
EndGlobal
